
Microsoft Visual Studio Solution File, Format Version 12.00
# Visual Studio Version 17
VisualStudioVersion = 17.6.33815.320
MinimumVisualStudioVersion = 10.0.40219.1
Project("{FAE04EC0-301F-11D3-BF4B-00C04F79EFBC}") = "DZ1", "DZ1\DZ1.csproj", "{A93B2588-4065-4DA3-8AA0-4904A6ACF089}"
EndProject
Global
	GlobalSection(SolutionConfigurationPlatforms) = preSolution
		Debug|Any CPU = Debug|Any CPU
		Release|Any CPU = Release|Any CPU
	EndGlobalSection
	GlobalSection(ProjectConfigurationPlatforms) = postSolution
		{A93B2588-4065-4DA3-8AA0-4904A6ACF089}.Debug|Any CPU.ActiveCfg = Debug|Any CPU
		{A93B2588-4065-4DA3-8AA0-4904A6ACF089}.Debug|Any CPU.Build.0 = Debug|Any CPU
		{A93B2588-4065-4DA3-8AA0-4904A6ACF089}.Release|Any CPU.ActiveCfg = Release|Any CPU
		{A93B2588-4065-4DA3-8AA0-4904A6ACF089}.Release|Any CPU.Build.0 = Release|Any CPU
	EndGlobalSection
	GlobalSection(SolutionProperties) = preSolution
		HideSolutionNode = FALSE
	EndGlobalSection
	GlobalSection(ExtensibilityGlobals) = postSolution
		SolutionGuid = {A60531F0-7B1E-490B-B8CF-D339D81CEFC2}
	EndGlobalSection
EndGlobal
